
Microsoft Visual Studio Solution File, Format Version 12.00
# Visual Studio 15
VisualStudioVersion = 15.0.27130.2024
MinimumVisualStudioVersion = 10.0.40219.1
Project("{F184B08F-C81C-45F6-A57F-5ABD9991F28F}") = "MKTrackingProject", "MKTrackingProject\MKTrackingProject.vbproj", "{8F9B228A-5BEB-4589-B583-A25FC79A3B63}"
EndProject
Global
	GlobalSection(SolutionConfigurationPlatforms) = preSolution
		Debug|Any CPU = Debug|Any CPU
		Release|Any CPU = Release|Any CPU
	EndGlobalSection
	GlobalSection(ProjectConfigurationPlatforms) = postSolution
		{8F9B228A-5BEB-4589-B583-A25FC79A3B63}.Debug|Any CPU.ActiveCfg = Debug|Any CPU
		{8F9B228A-5BEB-4589-B583-A25FC79A3B63}.Debug|Any CPU.Build.0 = Debug|Any CPU
		{8F9B228A-5BEB-4589-B583-A25FC79A3B63}.Release|Any CPU.ActiveCfg = Release|Any CPU
		{8F9B228A-5BEB-4589-B583-A25FC79A3B63}.Release|Any CPU.Build.0 = Release|Any CPU
	EndGlobalSection
	GlobalSection(SolutionProperties) = preSolution
		HideSolutionNode = FALSE
	EndGlobalSection
	GlobalSection(ExtensibilityGlobals) = postSolution
		SolutionGuid = {FE875747-F996-4919-9009-B205EDF06C15}
	EndGlobalSection
EndGlobal
